{
  "name": "workers-pages-d1sql-workerskv",
  "lockfileVersion": 3,
  "requires": true,
  "packages": {
    "node_modules/undici": {
      "version": "7.19.1",
      "resolved": "https://registry.npmmirror.com/undici/-/undici-7.19.1.tgz",
      "integrity": "sha512-Gpq0iNm5M6cQWlyHQv9MV+uOj1jWk7LpkoE5vSp/7zjb4zMdAcUD+VL5y0nH4p9EbUklq00eVIIX/XcDHzu5xg==",
      "license": "MIT",
      "engines": {
        "node": ">=20.18.1"
      }
    }
  }
}
